
Microsoft Visual Studio Solution File, Format Version 12.00
# Visual Studio Version 16
VisualStudioVersion = 16.0.30002.166
MinimumVisualStudioVersion = 10.0.40219.1
Project("{FAE04EC0-301F-11D3-BF4B-00C04F79EFBC}") = "NetFrameworkVersion", "NetFrameworkVersion\NetFrameworkVersion.csproj", "{03600542-2D3D-42E5-8072-32309E7C5417}"
EndProject
Global
	GlobalSection(SolutionConfigurationPlatforms) = preSolution
		Debug|Any CPU = Debug|Any CPU
		Release|Any CPU = Release|Any CPU
	EndGlobalSection
	GlobalSection(ProjectConfigurationPlatforms) = postSolution
		{03600542-2D3D-42E5-8072-32309E7C5417}.Debug|Any CPU.ActiveCfg = Debug|Any CPU
		{03600542-2D3D-42E5-8072-32309E7C5417}.Debug|Any CPU.Build.0 = Debug|Any CPU
		{03600542-2D3D-42E5-8072-32309E7C5417}.Release|Any CPU.ActiveCfg = Release|Any CPU
		{03600542-2D3D-42E5-8072-32309E7C5417}.Release|Any CPU.Build.0 = Release|Any CPU
	EndGlobalSection
	GlobalSection(SolutionProperties) = preSolution
		HideSolutionNode = FALSE
	EndGlobalSection
	GlobalSection(ExtensibilityGlobals) = postSolution
		SolutionGuid = {6018E638-2D66-4571-B00C-4CB44A8231DD}
	EndGlobalSection
EndGlobal
